{
  "name": "Super003",
  "lockfileVersion": 2,
  "requires": true,
  "packages": {
    "": {
      "dependencies": {
        "lottie-miniprogram": "^1.0.12"
      }
    },
    "node_modules/lottie-miniprogram": {
      "version": "1.0.12",
      "resolved": "https://registry.npmmirror.com/lottie-miniprogram/-/lottie-miniprogram-1.0.12.tgz",
      "integrity": "sha512-2ITtXAyeDXbftvYYe5w0ayl8jTV8laylWMCdJofpka1q205NkjRNj7kX+iIZZ/YjKh1f8plWxb9gSFHkC7BLUQ=="
    }
  },
  "dependencies": {
    "lottie-miniprogram": {
      "version": "1.0.12",
      "resolved": "https://registry.npmmirror.com/lottie-miniprogram/-/lottie-miniprogram-1.0.12.tgz",
      "integrity": "sha512-2ITtXAyeDXbftvYYe5w0ayl8jTV8laylWMCdJofpka1q205NkjRNj7kX+iIZZ/YjKh1f8plWxb9gSFHkC7BLUQ=="
    }
  }
}
