{
  "name": "ChatGPT",
  "lockfileVersion": 2,
  "requires": true,
  "packages": {
    "": {
      "dependencies": {
        "confetti-ts-canvas": "^1.1.1",
        "lottie-miniprogram": "^1.0.12"
      }
    },
    "node_modules/confetti-ts-canvas": {
      "version": "1.1.1",
      "resolved": "https://registry.npmmirror.com/confetti-ts-canvas/-/confetti-ts-canvas-1.1.1.tgz",
      "integrity": "sha512-/OfgE2f9SJfbhqLFQhoA1BwSAtXySqxrkSNWiTWMYpxBPWZW8BMWWffrmYnZPUazE96R2NuRiT7WY6sdhFS4sg=="
    },
    "node_modules/lottie-miniprogram": {
      "version": "1.0.12",
      "resolved": "https://registry.npmmirror.com/lottie-miniprogram/-/lottie-miniprogram-1.0.12.tgz",
      "integrity": "sha512-2ITtXAyeDXbftvYYe5w0ayl8jTV8laylWMCdJofpka1q205NkjRNj7kX+iIZZ/YjKh1f8plWxb9gSFHkC7BLUQ=="
    }
  },
  "dependencies": {
    "confetti-ts-canvas": {
      "version": "1.1.1",
      "resolved": "https://registry.npmmirror.com/confetti-ts-canvas/-/confetti-ts-canvas-1.1.1.tgz",
      "integrity": "sha512-/OfgE2f9SJfbhqLFQhoA1BwSAtXySqxrkSNWiTWMYpxBPWZW8BMWWffrmYnZPUazE96R2NuRiT7WY6sdhFS4sg=="
    },
    "lottie-miniprogram": {
      "version": "1.0.12",
      "resolved": "https://registry.npmmirror.com/lottie-miniprogram/-/lottie-miniprogram-1.0.12.tgz",
      "integrity": "sha512-2ITtXAyeDXbftvYYe5w0ayl8jTV8laylWMCdJofpka1q205NkjRNj7kX+iIZZ/YjKh1f8plWxb9gSFHkC7BLUQ=="
    }
  }
}
